
Microsoft Visual Studio Solution File, Format Version 12.00
# Visual Studio Version 17
VisualStudioVersion = 17.4.33205.214
MinimumVisualStudioVersion = 10.0.40219.1
Project("{FAE04EC0-301F-11D3-BF4B-00C04F79EFBC}") = "UserRegistrationSolution", "UserRegistrationSolution\UserRegistrationSolution.csproj", "{7C175529-5D65-4774-8D57-2399E9D32D0D}"
EndProject
Global
	GlobalSection(SolutionConfigurationPlatforms) = preSolution
		Debug|Any CPU = Debug|Any CPU
		Release|Any CPU = Release|Any CPU
	EndGlobalSection
	GlobalSection(ProjectConfigurationPlatforms) = postSolution
		{7C175529-5D65-4774-8D57-2399E9D32D0D}.Debug|Any CPU.ActiveCfg = Debug|Any CPU
		{7C175529-5D65-4774-8D57-2399E9D32D0D}.Debug|Any CPU.Build.0 = Debug|Any CPU
		{7C175529-5D65-4774-8D57-2399E9D32D0D}.Release|Any CPU.ActiveCfg = Release|Any CPU
		{7C175529-5D65-4774-8D57-2399E9D32D0D}.Release|Any CPU.Build.0 = Release|Any CPU
	EndGlobalSection
	GlobalSection(SolutionProperties) = preSolution
		HideSolutionNode = FALSE
	EndGlobalSection
	GlobalSection(ExtensibilityGlobals) = postSolution
		SolutionGuid = {43548C4A-7B27-43DF-866B-AF7C08D9F555}
	EndGlobalSection
EndGlobal
